{
  "nodes": {
    "envsens": {
      "inputs": {
        "nixpkgs": "nixpkgs"
      },
      "locked": {
        "lastModified": 1,
        "narHash": "sha256-gihAgnQOtc/NwVuFJFnaJ7VteNv1B8CCRcECBzH8OdU=",
        "path": "/nix/store/793k19yf2bfn8rwy1703q5rccgn2iyv0-source/api",
        "type": "path"
      },
      "original": {
        "path": "/nix/store/793k19yf2bfn8rwy1703q5rccgn2iyv0-source/api",
        "type": "path"
      }
    },
    "nixpkgs": {
      "locked": {
        "lastModified": 1682493015,
        "narHash": "sha256-KiMOAe8u83QDF40Z25kWMkZbqr9U+mvjvEJy5Qvw0nw=",
        "owner": "NixOS",
        "repo": "nixpkgs",
        "rev": "60c0f762658916a4a5b5a36b3e06486f8301daf4",
        "type": "github"
      },
      "original": {
        "owner": "NixOS",
        "ref": "nixos-22.11",
        "repo": "nixpkgs",
        "type": "github"
      }
    },
    "nixpkgs_2": {
      "locked": {
        "lastModified": 1682303062,
        "narHash": "sha256-x+KAADp27lbxeoPXLUMxKcRsUUHDlg+qVjt5PjgBw9A=",
        "owner": "NixOS",
        "repo": "nixpkgs",
        "rev": "f5364316e314436f6b9c8fd50592b18920ab18f9",
        "type": "github"
      },
      "original": {
        "owner": "NixOS",
        "ref": "nixos-22.11",
        "repo": "nixpkgs",
        "type": "github"
      }
    },
    "root": {
      "inputs": {
        "envsens": "envsens",
        "nixpkgs": "nixpkgs_2"
      }
    }
  },
  "root": "root",
  "version": 7
}
