{
  "nodes": {
    "envsens": {
      "inputs": {
        "nixpkgs": "nixpkgs"
      },
      "locked": {
        "lastModified": 1,
        "narHash": "sha256-PH1Mc7cRRf+XlrYtiAeoDN0Nde9c5HRooitom6pQ4xc=",
        "path": "/nix/store/j5r9qwsmsas29kmkzhss7c3xk7xl264y-source/api",
        "type": "path"
      },
      "original": {
        "path": "/nix/store/j5r9qwsmsas29kmkzhss7c3xk7xl264y-source/api",
        "type": "path"
      }
    },
    "nixpkgs": {
      "locked": {
        "lastModified": 1688389917,
        "narHash": "sha256-RKiK1QeommEsjQ8fLgxt4831x9O6n2gD7wAhVZTrr8M=",
        "owner": "NixOS",
        "repo": "nixpkgs",
        "rev": "aed4b19d312525ae7ca9bceb4e1efe3357d0e2eb",
        "type": "github"
      },
      "original": {
        "owner": "NixOS",
        "ref": "nixos-23.05",
        "repo": "nixpkgs",
        "type": "github"
      }
    },
    "nixpkgs_2": {
      "locked": {
        "lastModified": 1682303062,
        "narHash": "sha256-x+KAADp27lbxeoPXLUMxKcRsUUHDlg+qVjt5PjgBw9A=",
        "owner": "NixOS",
        "repo": "nixpkgs",
        "rev": "f5364316e314436f6b9c8fd50592b18920ab18f9",
        "type": "github"
      },
      "original": {
        "owner": "NixOS",
        "ref": "nixos-22.11",
        "repo": "nixpkgs",
        "type": "github"
      }
    },
    "root": {
      "inputs": {
        "envsens": "envsens",
        "nixpkgs": "nixpkgs_2"
      }
    }
  },
  "root": "root",
  "version": 7
}
